{
  "pins" : [
    {
      "identity" : "enablexwebrtc",
      "kind" : "remoteSourceControl",
      "location" : "https://github.com/EnableX/EnablexWebRTC.git",
      "state" : {
        "revision" : "1b52de85e484ef8e41ed18eb26f7506aca4b8afa",
        "version" : "2.0.2"
      }
    },
    {
      "identity" : "enxrtcios",
      "kind" : "remoteSourceControl",
      "location" : "https://github.com/EnableX/EnxRTCiOS.git",
      "state" : {
        "revision" : "8b6d8fba4916f3809a8991b0bede4465545cfb85",
        "version" : "3.1.3"
      }
    }
  ],
  "version" : 2
}
