{
  "pins" : [
    {
      "identity" : "enablexwebrtc",
      "kind" : "remoteSourceControl",
      "location" : "https://github.com/EnableX/EnablexWebRTC.git",
      "state" : {
        "revision" : "cf2162e19bcfb1dc0719ae356e35c339fcccb5ac",
        "version" : "2.0.0"
      }
    },
    {
      "identity" : "enxrtcios",
      "kind" : "remoteSourceControl",
      "location" : "https://github.com/EnableX/EnxRTCiOS.git",
      "state" : {
        "revision" : "34d22321e8e1b7c9c81dd918ddcdba6ff68d5be3",
        "version" : "3.1.1"
      }
    }
  ],
  "version" : 2
}
